
Microsoft Visual Studio Solution File, Format Version 12.00
# Visual Studio Version 16
VisualStudioVersion = 16.0.30114.105
MinimumVisualStudioVersion = 10.0.40219.1
Project("{FAE04EC0-301F-11D3-BF4B-00C04F79EFBC}") = "PrimeService", "PrimeService\PrimeService.csproj", "{D9934A26-3EF1-4646-80C4-0D654D945A50}"
EndProject
Project("{FAE04EC0-301F-11D3-BF4B-00C04F79EFBC}") = "PrimeService.Tests", "PrimeService.Tests\PrimeService.Tests.csproj", "{FDBB9169-25B4-4DAC-9A34-C8C96F81446F}"
EndProject
Global
	GlobalSection(SolutionConfigurationPlatforms) = preSolution
		Debug|Any CPU = Debug|Any CPU
		Release|Any CPU = Release|Any CPU
	EndGlobalSection
	GlobalSection(SolutionProperties) = preSolution
		HideSolutionNode = FALSE
	EndGlobalSection
	GlobalSection(ProjectConfigurationPlatforms) = postSolution
		{D9934A26-3EF1-4646-80C4-0D654D945A50}.Debug|Any CPU.ActiveCfg = Debug|Any CPU
		{D9934A26-3EF1-4646-80C4-0D654D945A50}.Debug|Any CPU.Build.0 = Debug|Any CPU
		{D9934A26-3EF1-4646-80C4-0D654D945A50}.Release|Any CPU.ActiveCfg = Release|Any CPU
		{D9934A26-3EF1-4646-80C4-0D654D945A50}.Release|Any CPU.Build.0 = Release|Any CPU
		{FDBB9169-25B4-4DAC-9A34-C8C96F81446F}.Debug|Any CPU.ActiveCfg = Debug|Any CPU
		{FDBB9169-25B4-4DAC-9A34-C8C96F81446F}.Debug|Any CPU.Build.0 = Debug|Any CPU
		{FDBB9169-25B4-4DAC-9A34-C8C96F81446F}.Release|Any CPU.ActiveCfg = Release|Any CPU
		{FDBB9169-25B4-4DAC-9A34-C8C96F81446F}.Release|Any CPU.Build.0 = Release|Any CPU
	EndGlobalSection
EndGlobal
